
Microsoft Visual Studio Solution File, Format Version 12.00
# Visual Studio 2012
Project("{FAE04EC0-301F-11D3-BF4B-00C04F79EFBC}") = "cnit255team", "cnit255team\cnit255team.csproj", "{89836E07-88A8-4F7A-B9AB-EC1362A24C70}"
EndProject
Global
	GlobalSection(SolutionConfigurationPlatforms) = preSolution
		Debug|iPhoneSimulator = Debug|iPhoneSimulator
		Release|iPhone = Release|iPhone
		Release|iPhoneSimulator = Release|iPhoneSimulator
		Debug|iPhone = Debug|iPhone
	EndGlobalSection
	GlobalSection(ProjectConfigurationPlatforms) = postSolution
		{89836E07-88A8-4F7A-B9AB-EC1362A24C70}.Debug|iPhoneSimulator.ActiveCfg = Debug|iPhoneSimulator
		{89836E07-88A8-4F7A-B9AB-EC1362A24C70}.Debug|iPhoneSimulator.Build.0 = Debug|iPhoneSimulator
		{89836E07-88A8-4F7A-B9AB-EC1362A24C70}.Release|iPhone.ActiveCfg = Release|iPhone
		{89836E07-88A8-4F7A-B9AB-EC1362A24C70}.Release|iPhone.Build.0 = Release|iPhone
		{89836E07-88A8-4F7A-B9AB-EC1362A24C70}.Release|iPhoneSimulator.ActiveCfg = Release|iPhoneSimulator
		{89836E07-88A8-4F7A-B9AB-EC1362A24C70}.Release|iPhoneSimulator.Build.0 = Release|iPhoneSimulator
		{89836E07-88A8-4F7A-B9AB-EC1362A24C70}.Debug|iPhone.ActiveCfg = Debug|iPhone
		{89836E07-88A8-4F7A-B9AB-EC1362A24C70}.Debug|iPhone.Build.0 = Debug|iPhone
	EndGlobalSection
EndGlobal
